// !$*UTF8*$!
{
	archiveVersion = 1;
	classes = {
	};
	objectVersion = 50;
	objects = {

/* Begin PBXBuildFile section */
		AA5E6A3822DCE2D200F5982B /* AppDelegate.swift in Sources */ = {isa = PBXBuildFile; fileRef = AA5E6A3722DCE2D200F5982B /* AppDelegate.swift */; };
		AA5E6A3F22DCE2D300F5982B /* Assets.xcassets in Resources */ = {isa = PBXBuildFile; fileRef = AA5E6A3E22DCE2D300F5982B /* Assets.xcassets */; };
		AA5E6A4222DCE2D300F5982B /* LaunchScreen.storyboard in Resources */ = {isa = PBXBuildFile; fileRef = AA5E6A4022DCE2D300F5982B /* LaunchScreen.storyboard */; };
		AA5E6A4A22DCE2FB00F5982B /* LocationTableViewCell.swift in Sources */ = {isa = PBXBuildFile; fileRef = AA5E6A4922DCE2FB00F5982B /* LocationTableViewCell.swift */; };
		AA5E6A4C22DCE30900F5982B /* TableViewController.swift in Sources */ = {isa = PBXBuildFile; fileRef = AA5E6A4B22DCE30800F5982B /* TableViewController.swift */; };
		AA5E6A4E22DCE31300F5982B /* Location.swift in Sources */ = {isa = PBXBuildFile; fileRef = AA5E6A4D22DCE31300F5982B /* Location.swift */; };
		AA5E6A5022DCE32300F5982B /* Main.storyboard in Resources */ = {isa = PBXBuildFile; fileRef = AA5E6A4F22DCE32200F5982B /* Main.storyboard */; };
		AA5E6A5822DCE3DF00F5982B /* SampleLocations.swift in Sources */ = {isa = PBXBuildFile; fileRef = AA5E6A5722DCE3DF00F5982B /* SampleLocations.swift */; };
		AA5E6A5A22DCF03100F5982B /* LocationViewController.swift in Sources */ = {isa = PBXBuildFile; fileRef = AA5E6A5922DCF03100F5982B /* LocationViewController.swift */; };
		AA5E6A5C22DD343700F5982B /* MapViewController.swift in Sources */ = {isa = PBXBuildFile; fileRef = AA5E6A5B22DD343700F5982B /* MapViewController.swift */; };
		AA5E6A5E22DD506500F5982B /* MapAnnotation.swift in Sources */ = {isa = PBXBuildFile; fileRef = AA5E6A5D22DD506500F5982B /* MapAnnotation.swift */; };
		AA5E6A6322DD5F6F00F5982B /* MapViewExtension.swift in Sources */ = {isa = PBXBuildFile; fileRef = AA5E6A6222DD5F6F00F5982B /* MapViewExtension.swift */; };
		AAFC4DEC22DF6BC4009D6ECB /* LocationKeywords.swift in Sources */ = {isa = PBXBuildFile; fileRef = AAFC4DEB22DF6BC4009D6ECB /* LocationKeywords.swift */; };
		AAFC4DEE22DFBB0F009D6ECB /* ToggleButton.swift in Sources */ = {isa = PBXBuildFile; fileRef = AAFC4DED22DFBB0F009D6ECB /* ToggleButton.swift */; };
		AAFC4DF022DFBDFF009D6ECB /* FilterViewController.swift in Sources */ = {isa = PBXBuildFile; fileRef = AAFC4DEF22DFBDFF009D6ECB /* FilterViewController.swift */; };
		AAFC4DF222DFC7A2009D6ECB /* UserFilterPreferences.swift in Sources */ = {isa = PBXBuildFile; fileRef = AAFC4DF122DFC7A2009D6ECB /* UserFilterPreferences.swift */; };
		F7B0DE8423007E41002500AE /* CreateProfileController.swift in Sources */ = {isa = PBXBuildFile; fileRef = F7B0DE8323007E41002500AE /* CreateProfileController.swift */; };
		F7C37BD623066C580082EE88 /* RecommendationsTableViewCell.swift in Sources */ = {isa = PBXBuildFile; fileRef = F7C37BD523066C580082EE88 /* RecommendationsTableViewCell.swift */; };
		F7C37BD82310E40B0082EE88 /* UpdateProfileController.swift in Sources */ = {isa = PBXBuildFile; fileRef = F7C37BD72310E40B0082EE88 /* UpdateProfileController.swift */; };
/* End PBXBuildFile section */

/* Begin PBXFileReference section */
		AA5E6A3422DCE2D200F5982B /* GoBoken.app */ = {isa = PBXFileReference; explicitFileType = wrapper.application; includeInIndex = 0; path = GoBoken.app; sourceTree = BUILT_PRODUCTS_DIR; };
		AA5E6A3722DCE2D200F5982B /* AppDelegate.swift */ = {isa = PBXFileReference; lastKnownFileType = sourcecode.swift; path = AppDelegate.swift; sourceTree = "<group>"; };
		AA5E6A3E22DCE2D300F5982B /* Assets.xcassets */ = {isa = PBXFileReference; lastKnownFileType = folder.assetcatalog; path = Assets.xcassets; sourceTree = "<group>"; };
		AA5E6A4122DCE2D300F5982B /* Base */ = {isa = PBXFileReference; lastKnownFileType = file.storyboard; name = Base; path = Base.lproj/LaunchScreen.storyboard; sourceTree = "<group>"; };
		AA5E6A4322DCE2D300F5982B /* Info.plist */ = {isa = PBXFileReference; lastKnownFileType = text.plist.xml; path = Info.plist; sourceTree = "<group>"; };
		AA5E6A4922DCE2FB00F5982B /* LocationTableViewCell.swift */ = {isa = PBXFileReference; fileEncoding = 4; lastKnownFileType = sourcecode.swift; path = LocationTableViewCell.swift; sourceTree = "<group>"; };
		AA5E6A4B22DCE30800F5982B /* TableViewController.swift */ = {isa = PBXFileReference; fileEncoding = 4; lastKnownFileType = sourcecode.swift; path = TableViewController.swift; sourceTree = "<group>"; };
		AA5E6A4D22DCE31300F5982B /* Location.swift */ = {isa = PBXFileReference; fileEncoding = 4; lastKnownFileType = sourcecode.swift; path = Location.swift; sourceTree = "<group>"; };
		AA5E6A4F22DCE32200F5982B /* Main.storyboard */ = {isa = PBXFileReference; fileEncoding = 4; lastKnownFileType = file.storyboard; path = Main.storyboard; sourceTree = "<group>"; };
		AA5E6A5722DCE3DF00F5982B /* SampleLocations.swift */ = {isa = PBXFileReference; lastKnownFileType = sourcecode.swift; path = SampleLocations.swift; sourceTree = "<group>"; };
		AA5E6A5922DCF03100F5982B /* LocationViewController.swift */ = {isa = PBXFileReference; lastKnownFileType = sourcecode.swift; path = LocationViewController.swift; sourceTree = "<group>"; };
		AA5E6A5B22DD343700F5982B /* MapViewController.swift */ = {isa = PBXFileReference; lastKnownFileType = sourcecode.swift; path = MapViewController.swift; sourceTree = "<group>"; };
		AA5E6A5D22DD506500F5982B /* MapAnnotation.swift */ = {isa = PBXFileReference; lastKnownFileType = sourcecode.swift; path = MapAnnotation.swift; sourceTree = "<group>"; };
		AA5E6A6222DD5F6F00F5982B /* MapViewExtension.swift */ = {isa = PBXFileReference; lastKnownFileType = sourcecode.swift; path = MapViewExtension.swift; sourceTree = "<group>"; };
		AAFC4DEB22DF6BC4009D6ECB /* LocationKeywords.swift */ = {isa = PBXFileReference; lastKnownFileType = sourcecode.swift; path = LocationKeywords.swift; sourceTree = "<group>"; };
		AAFC4DED22DFBB0F009D6ECB /* ToggleButton.swift */ = {isa = PBXFileReference; lastKnownFileType = sourcecode.swift; path = ToggleButton.swift; sourceTree = "<group>"; };
		AAFC4DEF22DFBDFF009D6ECB /* FilterViewController.swift */ = {isa = PBXFileReference; lastKnownFileType = sourcecode.swift; path = FilterViewController.swift; sourceTree = "<group>"; };
		AAFC4DF122DFC7A2009D6ECB /* UserFilterPreferences.swift */ = {isa = PBXFileReference; lastKnownFileType = sourcecode.swift; path = UserFilterPreferences.swift; sourceTree = "<group>"; };
		F7B0DE8323007E41002500AE /* CreateProfileController.swift */ = {isa = PBXFileReference; lastKnownFileType = sourcecode.swift; path = CreateProfileController.swift; sourceTree = "<group>"; };
		F7C37BD523066C580082EE88 /* RecommendationsTableViewCell.swift */ = {isa = PBXFileReference; lastKnownFileType = sourcecode.swift; path = RecommendationsTableViewCell.swift; sourceTree = "<group>"; };
		F7C37BD72310E40B0082EE88 /* UpdateProfileController.swift */ = {isa = PBXFileReference; lastKnownFileType = sourcecode.swift; path = UpdateProfileController.swift; sourceTree = "<group>"; };
/* End PBXFileReference section */

/* Begin PBXFrameworksBuildPhase section */
		AA5E6A3122DCE2D200F5982B /* Frameworks */ = {
			isa = PBXFrameworksBuildPhase;
			buildActionMask = 2147483647;
			files = (
			);
			runOnlyForDeploymentPostprocessing = 0;
		};
/* End PBXFrameworksBuildPhase section */

/* Begin PBXGroup section */
		AA5E6A2B22DCE2D200F5982B = {
			isa = PBXGroup;
			children = (
				AA5E6A3622DCE2D200F5982B /* GoBoken */,
				AA5E6A3522DCE2D200F5982B /* Products */,
			);
			sourceTree = "<group>";
		};
		AA5E6A3522DCE2D200F5982B /* Products */ = {
			isa = PBXGroup;
			children = (
				AA5E6A3422DCE2D200F5982B /* GoBoken.app */,
			);
			name = Products;
			sourceTree = "<group>";
		};
		AA5E6A3622DCE2D200F5982B /* GoBoken */ = {
			isa = PBXGroup;
			children = (
				AA5E6A4F22DCE32200F5982B /* Main.storyboard */,
				AA5E6A5122DCE39300F5982B /* ViewControllers */,
				AA5E6A5422DCE3AD00F5982B /* Subviews */,
				AA5E6A5522DCE3BC00F5982B /* Classes */,
				AA5E6A6122DD5F6000F5982B /* Helpers */,
				AA5E6A3E22DCE2D300F5982B /* Assets.xcassets */,
				AA5E6A3722DCE2D200F5982B /* AppDelegate.swift */,
				AA5E6A4022DCE2D300F5982B /* LaunchScreen.storyboard */,
				AA5E6A4322DCE2D300F5982B /* Info.plist */,
			);
			path = GoBoken;
			sourceTree = "<group>";
		};
		AA5E6A5122DCE39300F5982B /* ViewControllers */ = {
			isa = PBXGroup;
			children = (
				AA5E6A4B22DCE30800F5982B /* TableViewController.swift */,
				AA5E6A5922DCF03100F5982B /* LocationViewController.swift */,
				AA5E6A5B22DD343700F5982B /* MapViewController.swift */,
				AAFC4DEF22DFBDFF009D6ECB /* FilterViewController.swift */,
				F7B0DE8323007E41002500AE /* CreateProfileController.swift */,
				F7C37BD72310E40B0082EE88 /* UpdateProfileController.swift */,
			);
			path = ViewControllers;
			sourceTree = "<group>";
		};
		AA5E6A5422DCE3AD00F5982B /* Subviews */ = {
			isa = PBXGroup;
			children = (
				AA5E6A5D22DD506500F5982B /* MapAnnotation.swift */,
				AAFC4DED22DFBB0F009D6ECB /* ToggleButton.swift */,
				AA5E6A4922DCE2FB00F5982B /* LocationTableViewCell.swift */,
				F7C37BD523066C580082EE88 /* RecommendationsTableViewCell.swift */,
			);
			path = Subviews;
			sourceTree = "<group>";
		};
		AA5E6A5522DCE3BC00F5982B /* Classes */ = {
			isa = PBXGroup;
			children = (
				AA5E6A4D22DCE31300F5982B /* Location.swift */,
			);
			path = Classes;
			sourceTree = "<group>";
		};
		AA5E6A6122DD5F6000F5982B /* Helpers */ = {
			isa = PBXGroup;
			children = (
				AA5E6A5722DCE3DF00F5982B /* SampleLocations.swift */,
				AA5E6A6222DD5F6F00F5982B /* MapViewExtension.swift */,
				AAFC4DEB22DF6BC4009D6ECB /* LocationKeywords.swift */,
				AAFC4DF122DFC7A2009D6ECB /* UserFilterPreferences.swift */,
			);
			path = Helpers;
			sourceTree = "<group>";
		};
/* End PBXGroup section */

/* Begin PBXNativeTarget section */
		AA5E6A3322DCE2D200F5982B /* GoBoken */ = {
			isa = PBXNativeTarget;
			buildConfigurationList = AA5E6A4622DCE2D300F5982B /* Build configuration list for PBXNativeTarget "GoBoken" */;
			buildPhases = (
				AA5E6A3022DCE2D200F5982B /* Sources */,
				AA5E6A3122DCE2D200F5982B /* Frameworks */,
				AA5E6A3222DCE2D200F5982B /* Resources */,
			);
			buildRules = (
			);
			dependencies = (
			);
			name = GoBoken;
			productName = GoBoken;
			productReference = AA5E6A3422DCE2D200F5982B /* GoBoken.app */;
			productType = "com.apple.product-type.application";
		};
/* End PBXNativeTarget section */

/* Begin PBXProject section */
		AA5E6A2C22DCE2D200F5982B /* Project object */ = {
			isa = PBXProject;
			attributes = {
				LastSwiftUpdateCheck = 1020;
				LastUpgradeCheck = 1020;
				ORGANIZATIONNAME = GoBoken;
				TargetAttributes = {
					AA5E6A3322DCE2D200F5982B = {
						CreatedOnToolsVersion = 10.2.1;
					};
				};
			};
			buildConfigurationList = AA5E6A2F22DCE2D200F5982B /* Build configuration list for PBXProject "GoBoken" */;
			compatibilityVersion = "Xcode 9.3";
			developmentRegion = en;
			hasScannedForEncodings = 0;
			knownRegions = (
				en,
				Base,
			);
			mainGroup = AA5E6A2B22DCE2D200F5982B;
			productRefGroup = AA5E6A3522DCE2D200F5982B /* Products */;
			projectDirPath = "";
			projectRoot = "";
			targets = (
				AA5E6A3322DCE2D200F5982B /* GoBoken */,
			);
		};
/* End PBXProject section */

/* Begin PBXResourcesBuildPhase section */
		AA5E6A3222DCE2D200F5982B /* Resources */ = {
			isa = PBXResourcesBuildPhase;
			buildActionMask = 2147483647;
			files = (
				AA5E6A5022DCE32300F5982B /* Main.storyboard in Resources */,
				AA5E6A4222DCE2D300F5982B /* LaunchScreen.storyboard in Resources */,
				AA5E6A3F22DCE2D300F5982B /* Assets.xcassets in Resources */,
			);
			runOnlyForDeploymentPostprocessing = 0;
		};
/* End PBXResourcesBuildPhase section */

/* Begin PBXSourcesBuildPhase section */
		AA5E6A3022DCE2D200F5982B /* Sources */ = {
			isa = PBXSourcesBuildPhase;
			buildActionMask = 2147483647;
			files = (
				AA5E6A5822DCE3DF00F5982B /* SampleLocations.swift in Sources */,
				AA5E6A6322DD5F6F00F5982B /* MapViewExtension.swift in Sources */,
				AAFC4DEC22DF6BC4009D6ECB /* LocationKeywords.swift in Sources */,
				AAFC4DF222DFC7A2009D6ECB /* UserFilterPreferences.swift in Sources */,
				AA5E6A4A22DCE2FB00F5982B /* LocationTableViewCell.swift in Sources */,
				AA5E6A4C22DCE30900F5982B /* TableViewController.swift in Sources */,
				AA5E6A5A22DCF03100F5982B /* LocationViewController.swift in Sources */,
				F7C37BD623066C580082EE88 /* RecommendationsTableViewCell.swift in Sources */,
				AAFC4DF022DFBDFF009D6ECB /* FilterViewController.swift in Sources */,
				AA5E6A4E22DCE31300F5982B /* Location.swift in Sources */,
				AA5E6A3822DCE2D200F5982B /* AppDelegate.swift in Sources */,
				AAFC4DEE22DFBB0F009D6ECB /* ToggleButton.swift in Sources */,
				F7B0DE8423007E41002500AE /* CreateProfileController.swift in Sources */,
				F7C37BD82310E40B0082EE88 /* UpdateProfileController.swift in Sources */,
				AA5E6A5C22DD343700F5982B /* MapViewController.swift in Sources */,
				AA5E6A5E22DD506500F5982B /* MapAnnotation.swift in Sources */,
			);
			runOnlyForDeploymentPostprocessing = 0;
		};
/* End PBXSourcesBuildPhase section */

/* Begin PBXVariantGroup section */
		AA5E6A4022DCE2D300F5982B /* LaunchScreen.storyboard */ = {
			isa = PBXVariantGroup;
			children = (
				AA5E6A4122DCE2D300F5982B /* Base */,
			);
			name = LaunchScreen.storyboard;
			sourceTree = "<group>";
		};
/* End PBXVariantGroup section */

/* Begin XCBuildConfiguration section */
		AA5E6A4422DCE2D300F5982B /* Debug */ = {
			isa = XCBuildConfiguration;
			buildSettings = {
				ALWAYS_SEARCH_USER_PATHS = NO;
				CLANG_ANALYZER_NONNULL = YES;
				CLANG_ANALYZER_NUMBER_OBJECT_CONVERSION = YES_AGGRESSIVE;
				CLANG_CXX_LANGUAGE_STANDARD = "gnu++14";
				CLANG_CXX_LIBRARY = "libc++";
				CLANG_ENABLE_MODULES = YES;
				CLANG_ENABLE_OBJC_ARC = YES;
				CLANG_ENABLE_OBJC_WEAK = YES;
				CLANG_WARN_BLOCK_CAPTURE_AUTORELEASING = YES;
				CLANG_WARN_BOOL_CONVERSION = YES;
				CLANG_WARN_COMMA = YES;
				CLANG_WARN_CONSTANT_CONVERSION = YES;
				CLANG_WARN_DEPRECATED_OBJC_IMPLEMENTATIONS = YES;
				CLANG_WARN_DIRECT_OBJC_ISA_USAGE = YES_ERROR;
				CLANG_WARN_DOCUMENTATION_COMMENTS = YES;
				CLANG_WARN_EMPTY_BODY = YES;
				CLANG_WARN_ENUM_CONVERSION = YES;
				CLANG_WARN_INFINITE_RECURSION = YES;
				CLANG_WARN_INT_CONVERSION = YES;
				CLANG_WARN_NON_LITERAL_NULL_CONVERSION = YES;
				CLANG_WARN_OBJC_IMPLICIT_RETAIN_SELF = YES;
				CLANG_WARN_OBJC_LITERAL_CONVERSION = YES;
				CLANG_WARN_OBJC_ROOT_CLASS = YES_ERROR;
				CLANG_WARN_RANGE_LOOP_ANALYSIS = YES;
				CLANG_WARN_STRICT_PROTOTYPES = YES;
				CLANG_WARN_SUSPICIOUS_MOVE = YES;
				CLANG_WARN_UNGUARDED_AVAILABILITY = YES_AGGRESSIVE;
				CLANG_WARN_UNREACHABLE_CODE = YES;
				CLANG_WARN__DUPLICATE_METHOD_MATCH = YES;
				CODE_SIGN_IDENTITY = "iPhone Developer";
				COPY_PHASE_STRIP = NO;
				DEBUG_INFORMATION_FORMAT = dwarf;
				ENABLE_STRICT_OBJC_MSGSEND = YES;
				ENABLE_TESTABILITY = YES;
				GCC_C_LANGUAGE_STANDARD = gnu11;
				GCC_DYNAMIC_NO_PIC = NO;
				GCC_NO_COMMON_BLOCKS = YES;
				GCC_OPTIMIZATION_LEVEL = 0;
				GCC_PREPROCESSOR_DEFINITIONS = (
					"DEBUG=1",
					"$(inherited)",
				);
				GCC_WARN_64_TO_32_BIT_CONVERSION = YES;
				GCC_WARN_ABOUT_RETURN_TYPE = YES_ERROR;
				GCC_WARN_UNDECLARED_SELECTOR = YES;
				GCC_WARN_UNINITIALIZED_AUTOS = YES_AGGRESSIVE;
				GCC_WARN_UNUSED_FUNCTION = YES;
				GCC_WARN_UNUSED_VARIABLE = YES;
				IPHONEOS_DEPLOYMENT_TARGET = 12.2;
				MTL_ENABLE_DEBUG_INFO = INCLUDE_SOURCE;
				MTL_FAST_MATH = YES;
				ONLY_ACTIVE_ARCH = YES;
				SDKROOT = iphoneos;
				SWIFT_ACTIVE_COMPILATION_CONDITIONS = DEBUG;
				SWIFT_OPTIMIZATION_LEVEL = "-Onone";
			};
			name = Debug;
		};
		AA5E6A4522DCE2D300F5982B /* Release */ = {
			isa = XCBuildConfiguration;
			buildSettings = {
				ALWAYS_SEARCH_USER_PATHS = NO;
				CLANG_ANALYZER_NONNULL = YES;
				CLANG_ANALYZER_NUMBER_OBJECT_CONVERSION = YES_AGGRESSIVE;
				CLANG_CXX_LANGUAGE_STANDARD = "gnu++14";
				CLANG_CXX_LIBRARY = "libc++";
				CLANG_ENABLE_MODULES = YES;
				CLANG_ENABLE_OBJC_ARC = YES;
				CLANG_ENABLE_OBJC_WEAK = YES;
				CLANG_WARN_BLOCK_CAPTURE_AUTORELEASING = YES;
				CLANG_WARN_BOOL_CONVERSION = YES;
				CLANG_WARN_COMMA = YES;
				CLANG_WARN_CONSTANT_CONVERSION = YES;
				CLANG_WARN_DEPRECATED_OBJC_IMPLEMENTATIONS = YES;
				CLANG_WARN_DIRECT_OBJC_ISA_USAGE = YES_ERROR;
				CLANG_WARN_DOCUMENTATION_COMMENTS = YES;
				CLANG_WARN_EMPTY_BODY = YES;
				CLANG_WARN_ENUM_CONVERSION = YES;
				CLANG_WARN_INFINITE_RECURSION = YES;
				CLANG_WARN_INT_CONVERSION = YES;
				CLANG_WARN_NON_LITERAL_NULL_CONVERSION = YES;
				CLANG_WARN_OBJC_IMPLICIT_RETAIN_SELF = YES;
				CLANG_WARN_OBJC_LITERAL_CONVERSION = YES;
				CLANG_WARN_OBJC_ROOT_CLASS = YES_ERROR;
				CLANG_WARN_RANGE_LOOP_ANALYSIS = YES;
				CLANG_WARN_STRICT_PROTOTYPES = YES;
				CLANG_WARN_SUSPICIOUS_MOVE = YES;
				CLANG_WARN_UNGUARDED_AVAILABILITY = YES_AGGRESSIVE;
				CLANG_WARN_UNREACHABLE_CODE = YES;
				CLANG_WARN__DUPLICATE_METHOD_MATCH = YES;
				CODE_SIGN_IDENTITY = "iPhone Developer";
				COPY_PHASE_STRIP = NO;
				DEBUG_INFORMATION_FORMAT = "dwarf-with-dsym";
				ENABLE_NS_ASSERTIONS = NO;
				ENABLE_STRICT_OBJC_MSGSEND = YES;
				GCC_C_LANGUAGE_STANDARD = gnu11;
				GCC_NO_COMMON_BLOCKS = YES;
				GCC_WARN_64_TO_32_BIT_CONVERSION = YES;
				GCC_WARN_ABOUT_RETURN_TYPE = YES_ERROR;
				GCC_WARN_UNDECLARED_SELECTOR = YES;
				GCC_WARN_UNINITIALIZED_AUTOS = YES_AGGRESSIVE;
				GCC_WARN_UNUSED_FUNCTION = YES;
				GCC_WARN_UNUSED_VARIABLE = YES;
				IPHONEOS_DEPLOYMENT_TARGET = 12.2;
				MTL_ENABLE_DEBUG_INFO = NO;
				MTL_FAST_MATH = YES;
				SDKROOT = iphoneos;
				SWIFT_COMPILATION_MODE = wholemodule;
				SWIFT_OPTIMIZATION_LEVEL = "-O";
				VALIDATE_PRODUCT = YES;
			};
			name = Release;
		};
		AA5E6A4722DCE2D300F5982B /* Debug */ = {
			isa = XCBuildConfiguration;
			buildSettings = {
				ASSETCATALOG_COMPILER_APPICON_NAME = AppIcon;
				CODE_SIGN_STYLE = Automatic;
				DEVELOPMENT_TEAM = 9W3F3FZB6K;
				INFOPLIST_FILE = GoBoken/Info.plist;
				LD_RUNPATH_SEARCH_PATHS = (
					"$(inherited)",
					"@executable_path/Frameworks",
				);
				PRODUCT_BUNDLE_IDENTIFIER = GoBoken.GoBoken;
				PRODUCT_NAME = "$(TARGET_NAME)";
				SWIFT_VERSION = 5.0;
				TARGETED_DEVICE_FAMILY = "1,2";
			};
			name = Debug;
		};
		AA5E6A4822DCE2D300F5982B /* Release */ = {
			isa = XCBuildConfiguration;
			buildSettings = {
				ASSETCATALOG_COMPILER_APPICON_NAME = AppIcon;
				CODE_SIGN_STYLE = Automatic;
				DEVELOPMENT_TEAM = 9W3F3FZB6K;
				INFOPLIST_FILE = GoBoken/Info.plist;
				LD_RUNPATH_SEARCH_PATHS = (
					"$(inherited)",
					"@executable_path/Frameworks",
				);
				PRODUCT_BUNDLE_IDENTIFIER = GoBoken.GoBoken;
				PRODUCT_NAME = "$(TARGET_NAME)";
				SWIFT_VERSION = 5.0;
				TARGETED_DEVICE_FAMILY = "1,2";
			};
			name = Release;
		};
/* End XCBuildConfiguration section */

/* Begin XCConfigurationList section */
		AA5E6A2F22DCE2D200F5982B /* Build configuration list for PBXProject "GoBoken" */ = {
			isa = XCConfigurationList;
			buildConfigurations = (
				AA5E6A4422DCE2D300F5982B /* Debug */,
				AA5E6A4522DCE2D300F5982B /* Release */,
			);
			defaultConfigurationIsVisible = 0;
			defaultConfigurationName = Release;
		};
		AA5E6A4622DCE2D300F5982B /* Build configuration list for PBXNativeTarget "GoBoken" */ = {
			isa = XCConfigurationList;
			buildConfigurations = (
				AA5E6A4722DCE2D300F5982B /* Debug */,
				AA5E6A4822DCE2D300F5982B /* Release */,
			);
			defaultConfigurationIsVisible = 0;
			defaultConfigurationName = Release;
		};
/* End XCConfigurationList section */
	};
	rootObject = AA5E6A2C22DCE2D200F5982B /* Project object */;
}
